Microsoft Visual Studio Solution File, Format Version 12.00
Project("{FAE04EC0-301F-11D3-BF4B-00C04F79EFBC}") = "WebAPI", "WebAPI\WebAPI.csproj", "{1409B548-0E48-44B1-BEC9-D756DE413EAB}"
EndProject
Project("{2150E333-8FDC-42A3-9474-1A3956D46DE8}") = "Solution Files", "Solution Files", "{0A643863-B400-4197-B560-E074211BD92E}"
	ProjectSection(SolutionItems) = preProject
		docker-compose.yml = docker-compose.yml
		docker-stack.yml = docker-stack.yml
		Dockerfile = Dockerfile
		.dockerignore = .dockerignore
	EndProjectSection
EndProject
Project("{FAE04EC0-301F-11D3-BF4B-00C04F79EFBC}") = "WebTests", "WebTests\WebTests.csproj", "{20A7737F-A108-4492-B293-21E5525F1308}"
EndProject
Project("{2150E333-8FDC-42A3-9474-1A3956D46DE8}") = "Workflows", "Workflows", "{D1853AE9-A104-4D25-8372-5E5FB7BC9EA2}"
	ProjectSection(SolutionItems) = preProject
		.github\workflows\codeql.yml = .github\workflows\codeql.yml
		.github\workflows\labservices.yml = .github\workflows\labservices.yml
		.github\workflows\QualityGate.yml = .github\workflows\QualityGate.yml
	EndProjectSection
EndProject
Global
	GlobalSection(SolutionConfigurationPlatforms) = preSolution
		Debug|Any CPU = Debug|Any CPU
		Release|Any CPU = Release|Any CPU
	EndGlobalSection
	GlobalSection(ProjectConfigurationPlatforms) = postSolution
		{1409B548-0E48-44B1-BEC9-D756DE413EAB}.Debug|Any CPU.ActiveCfg = Debug|Any CPU
		{1409B548-0E48-44B1-BEC9-D756DE413EAB}.Debug|Any CPU.Build.0 = Debug|Any CPU
		{1409B548-0E48-44B1-BEC9-D756DE413EAB}.Release|Any CPU.ActiveCfg = Release|Any CPU
		{1409B548-0E48-44B1-BEC9-D756DE413EAB}.Release|Any CPU.Build.0 = Release|Any CPU
		{20A7737F-A108-4492-B293-21E5525F1308}.Debug|Any CPU.ActiveCfg = Debug|Any CPU
		{20A7737F-A108-4492-B293-21E5525F1308}.Debug|Any CPU.Build.0 = Debug|Any CPU
		{20A7737F-A108-4492-B293-21E5525F1308}.Release|Any CPU.ActiveCfg = Release|Any CPU
		{20A7737F-A108-4492-B293-21E5525F1308}.Release|Any CPU.Build.0 = Release|Any CPU
	EndGlobalSection
EndGlobal
